
Microsoft Visual Studio Solution File, Format Version 12.00
# Visual Studio Version 17
VisualStudioVersion = 17.7.34221.43
MinimumVisualStudioVersion = 10.0.40219.1
Project("{FAE04EC0-301F-11D3-BF4B-00C04F79EFBC}") = "Recipe Juggler", "Recipe Juggler\Recipe Juggler.csproj", "{12E22D11-0806-4A0E-B4E4-9122C196017F}"
EndProject
Global
	GlobalSection(SolutionConfigurationPlatforms) = preSolution
		Debug|Any CPU = Debug|Any CPU
		Release|Any CPU = Release|Any CPU
	EndGlobalSection
	GlobalSection(ProjectConfigurationPlatforms) = postSolution
		{12E22D11-0806-4A0E-B4E4-9122C196017F}.Debug|Any CPU.ActiveCfg = Debug|Any CPU
		{12E22D11-0806-4A0E-B4E4-9122C196017F}.Debug|Any CPU.Build.0 = Debug|Any CPU
		{12E22D11-0806-4A0E-B4E4-9122C196017F}.Release|Any CPU.ActiveCfg = Release|Any CPU
		{12E22D11-0806-4A0E-B4E4-9122C196017F}.Release|Any CPU.Build.0 = Release|Any CPU
	EndGlobalSection
	GlobalSection(SolutionProperties) = preSolution
		HideSolutionNode = FALSE
	EndGlobalSection
	GlobalSection(ExtensibilityGlobals) = postSolution
		SolutionGuid = {FAD3E9CC-2678-4A77-8107-91111E792B50}
	EndGlobalSection
EndGlobal
